
Microsoft Visual Studio Solution File, Format Version 12.00
# Visual Studio 15
VisualStudioVersion = 15.0.28307.572
MinimumVisualStudioVersion = 10.0.40219.1
Project("{8BC9CEB8-8B4A-11D0-8D11-00A0C91BC942}") = "Labs6Sente", "Labs6Sente\Labs6Sente.vcxproj", "{D46EAC13-1FA7-46DC-B36D-1A8A663CF072}"
EndProject
Global
	GlobalSection(SolutionConfigurationPlatforms) = preSolution
		Debug|x64 = Debug|x64
		Debug|x86 = Debug|x86
		Release|x64 = Release|x64
		Release|x86 = Release|x86
	EndGlobalSection
	GlobalSection(ProjectConfigurationPlatforms) = postSolution
		{D46EAC13-1FA7-46DC-B36D-1A8A663CF072}.Debug|x64.ActiveCfg = Debug|x64
		{D46EAC13-1FA7-46DC-B36D-1A8A663CF072}.Debug|x64.Build.0 = Debug|x64
		{D46EAC13-1FA7-46DC-B36D-1A8A663CF072}.Debug|x86.ActiveCfg = Debug|Win32
		{D46EAC13-1FA7-46DC-B36D-1A8A663CF072}.Debug|x86.Build.0 = Debug|Win32
		{D46EAC13-1FA7-46DC-B36D-1A8A663CF072}.Release|x64.ActiveCfg = Release|x64
		{D46EAC13-1FA7-46DC-B36D-1A8A663CF072}.Release|x64.Build.0 = Release|x64
		{D46EAC13-1FA7-46DC-B36D-1A8A663CF072}.Release|x86.ActiveCfg = Release|Win32
		{D46EAC13-1FA7-46DC-B36D-1A8A663CF072}.Release|x86.Build.0 = Release|Win32
	EndGlobalSection
	GlobalSection(SolutionProperties) = preSolution
		HideSolutionNode = FALSE
	EndGlobalSection
	GlobalSection(ExtensibilityGlobals) = postSolution
		SolutionGuid = {B9829D90-E438-4AF2-82EC-4A776869D54F}
	EndGlobalSection
EndGlobal
